
Microsoft Visual Studio Solution File, Format Version 12.00
# Visual Studio 15
Project("{FAE04EC0-301F-11D3-BF4B-00C04F79EFBC}") = "EscapeMinesTests", "EscapeMinesTests\EscapeMinesTests.csproj", "{F849C8F9-E28E-4858-B357-3F8E935CF269}"
EndProject
Project("{FAE04EC0-301F-11D3-BF4B-00C04F79EFBC}") = "EscapeMinesLib", "EscapeMinesLib\EscapeMinesLib.csproj", "{3689BCE4-1416-4A94-8238-382517950888}"
EndProject
Project("{FAE04EC0-301F-11D3-BF4B-00C04F79EFBC}") = "EscapeMinesConsole", "EscapeMinesConsole\EscapeMinesConsole.csproj", "{EDED5224-F006-463D-A09F-897CE082DF2B}"
EndProject
Global
	GlobalSection(SolutionConfigurationPlatforms) = preSolution
		Debug|Any CPU = Debug|Any CPU
		Release|Any CPU = Release|Any CPU
	EndGlobalSection
	GlobalSection(ProjectConfigurationPlatforms) = postSolution
		{F849C8F9-E28E-4858-B357-3F8E935CF269}.Debug|Any CPU.ActiveCfg = Debug|Any CPU
		{F849C8F9-E28E-4858-B357-3F8E935CF269}.Debug|Any CPU.Build.0 = Debug|Any CPU
		{F849C8F9-E28E-4858-B357-3F8E935CF269}.Release|Any CPU.ActiveCfg = Release|Any CPU
		{F849C8F9-E28E-4858-B357-3F8E935CF269}.Release|Any CPU.Build.0 = Release|Any CPU
		{3689BCE4-1416-4A94-8238-382517950888}.Debug|Any CPU.ActiveCfg = Debug|Any CPU
		{3689BCE4-1416-4A94-8238-382517950888}.Debug|Any CPU.Build.0 = Debug|Any CPU
		{3689BCE4-1416-4A94-8238-382517950888}.Release|Any CPU.ActiveCfg = Release|Any CPU
		{3689BCE4-1416-4A94-8238-382517950888}.Release|Any CPU.Build.0 = Release|Any CPU
		{EDED5224-F006-463D-A09F-897CE082DF2B}.Debug|Any CPU.ActiveCfg = Debug|Any CPU
		{EDED5224-F006-463D-A09F-897CE082DF2B}.Debug|Any CPU.Build.0 = Debug|Any CPU
		{EDED5224-F006-463D-A09F-897CE082DF2B}.Release|Any CPU.ActiveCfg = Release|Any CPU
		{EDED5224-F006-463D-A09F-897CE082DF2B}.Release|Any CPU.Build.0 = Release|Any CPU
	EndGlobalSection
EndGlobal
